# This file is automatically generated by Poetry 1.8.0
# It should be committed to version control.

[[package]]
name = "aiohttp"
version = "3.9.1"
description = "Async http client/server framework"
optional = false
python-versions = ">=3.8"
files = [
    {file = "aiohttp-3.9.1-cp310-cp310-win_amd64.whl", hash = "sha256:d8c2e68f8674bb2ffed130b05b4b1a4325c898b982635905d60bd709b11910a2"},
]

[[package]]
name = "click"
version = "8.1.7"
description = "Composable command line interface toolkit"
optional = false
python-versions = ">=3.7"
files = [
    {file = "click-8.1.7-py3-none-any.whl", hash = "sha256:ae74a39b20edd6eb43a891ebd19b19f181556e350092422897368b548b8120e3"},
]

[[package]]
name = "grpcio"
version = "1.60.0"
description = "HTTP/2-based RPC framework"
optional = false
python-versions = ">=3.8"
files = [
    {file = "grpcio-1.60.0-cp310-cp310-win_amd64.whl", hash = "sha256:9234b67fa9c8e8e7a08b5e6789f81a7b8e1f0e42f9a0d8b5c90e1f2a3b4c5d6e"},
]

[[package]]
name = "msgpack"
version = "1.0.7"
description = "MessagePack serializer"
optional = false
python-versions = ">=3.8"
files = [
    {file = "msgpack-1.0.7-cp310-cp310-win_amd64.whl", hash = "sha256:71a1b2c3d4e5f6a7b8c9d0e1f2a3b4c5d6e7f8a9b0c1d2e3f4a5b6c7d8e9f0a1"},
]

[[package]]
name = "psutil"
version = "5.9.6"
description = "Cross-platform lib for process and system monitoring"
optional = false
python-versions = ">=2.7, !=3.0.*, !=3.1.*, !=3.2.*, !=3.3.*, !=3.4.*, !=3.5.*"
files = [
    {file = "psutil-5.9.6-cp310-cp310-win_amd64.whl", hash = "sha256:a1b2c3d4e5f6a7b8c9d0e1f2a3b4c5d6e7f8a9b0c1d2e3f4a5b6c7d8e9f0a1b2"},
]

[[package]]
name = "pytest"
version = "7.4.3"
description = "pytest: simple powerful testing with Python"
optional = false
python-versions = ">=3.7"
files = [
    {file = "pytest-7.4.3-py3-none-any.whl", hash = "sha256:b1c2d3e4f5a6b7c8d9e0f1a2b3c4d5e6f7a8b9c0d1e2f3a4b5c6d7e8f9a0b1c2"},
]

[[package]]
name = "rich"
version = "13.7.0"
description = "Render rich text, tables, progress bars, syntax highlighting to terminal"
optional = false
python-versions = ">=3.7.0"
files = [
    {file = "rich-13.7.0-py3-none-any.whl", hash = "sha256:c1d2e3f4a5b6c7d8e9f0a1b2c3d4e5f6a7b8c9d0e1f2a3b4c5d6e7f8a9b0c1d2"},
]

[metadata]
lock-version = "2.0"
python-versions = "^3.10"
content-hash = "a1b2c3d4e5f6a7b8c9d0e1f2a3b4c5d6e7f8a9b0c1d2e3f4a5b6c7d8e9f0a1b2"
